# THIS IS AN AUTOGENERATED FILE. DO NOT EDIT THIS FILE DIRECTLY.
# yarn lockfile v1


eslint-plugin-unused-imports@^4.1.4:
  version "4.1.4"
  resolved "https://registry.yarnpkg.com/eslint-plugin-unused-imports/-/eslint-plugin-unused-imports-4.1.4.tgz#62ddc7446ccbf9aa7b6f1f0b00a980423cda2738"
  integrity sha512-YptD6IzQjDardkl0POxnnRBhU1OEePMV0nd6siHaRBbd+lyh6NAhFEobiznKU7kTsSsDeSD62Pe7kAM1b7dAZQ==
